
Microsoft Visual Studio Solution File, Format Version 12.00
# Visual Studio Version 16
VisualStudioVersion = 16.0.30320.27
MinimumVisualStudioVersion = 10.0.40219.1
Project("{8BC9CEB8-8B4A-11D0-8D11-00A0C91BC942}") = "WinAPI_FirstDialogue", "WinAPI_FirstDialogue.vcxproj", "{BE5EBB4D-9BF0-4B6F-A335-5E3FFB9377ED}"
EndProject
Global
	GlobalSection(SolutionConfigurationPlatforms) = preSolution
		Debug|x64 = Debug|x64
		Debug|x86 = Debug|x86
		Release|x64 = Release|x64
		Release|x86 = Release|x86
	EndGlobalSection
	GlobalSection(ProjectConfigurationPlatforms) = postSolution
		{BE5EBB4D-9BF0-4B6F-A335-5E3FFB9377ED}.Debug|x64.ActiveCfg = Debug|x64
		{BE5EBB4D-9BF0-4B6F-A335-5E3FFB9377ED}.Debug|x64.Build.0 = Debug|x64
		{BE5EBB4D-9BF0-4B6F-A335-5E3FFB9377ED}.Debug|x86.ActiveCfg = Debug|x64
		{BE5EBB4D-9BF0-4B6F-A335-5E3FFB9377ED}.Debug|x86.Build.0 = Debug|x64
		{BE5EBB4D-9BF0-4B6F-A335-5E3FFB9377ED}.Release|x64.ActiveCfg = Release|x64
		{BE5EBB4D-9BF0-4B6F-A335-5E3FFB9377ED}.Release|x64.Build.0 = Release|x64
		{BE5EBB4D-9BF0-4B6F-A335-5E3FFB9377ED}.Release|x86.ActiveCfg = Release|Win32
		{BE5EBB4D-9BF0-4B6F-A335-5E3FFB9377ED}.Release|x86.Build.0 = Release|Win32
	EndGlobalSection
	GlobalSection(SolutionProperties) = preSolution
		HideSolutionNode = FALSE
	EndGlobalSection
	GlobalSection(ExtensibilityGlobals) = postSolution
		SolutionGuid = {24369E77-69A9-4073-9DC6-BA3A16A19990}
	EndGlobalSection
EndGlobal
